// !$*UTF8*$!
{
	archiveVersion = 1;
	classes = {
	};
	objectVersion = 46;
	objects = {

/* Begin PBXBuildFile section */
		6998A0B61E02499900271CD5 /* main.m in Sources */ = {isa = PBXBuildFile; fileRef = 6998A0B51E02499900271CD5 /* main.m */; };
		6998A0B91E02499900271CD5 /* AppDelegate.m in Sources */ = {isa = PBXBuildFile; fileRef = 6998A0B81E02499900271CD5 /* AppDelegate.m */; };
		6998A0BC1E02499900271CD5 /* FirstViewController.m in Sources */ = {isa = PBXBuildFile; fileRef = 6998A0BB1E02499900271CD5 /* FirstViewController.m */; };
		6998A0BF1E02499900271CD5 /* SecondViewController.m in Sources */ = {isa = PBXBuildFile; fileRef = 6998A0BE1E02499900271CD5 /* SecondViewController.m */; };
		6998A0C21E02499900271CD5 /* Main.storyboard in Resources */ = {isa = PBXBuildFile; fileRef = 6998A0C01E02499900271CD5 /* Main.storyboard */; };
		6998A0C41E02499900271CD5 /* Assets.xcassets in Resources */ = {isa = PBXBuildFile; fileRef = 6998A0C31E02499900271CD5 /* Assets.xcassets */; };
		6998A0C71E02499900271CD5 /* LaunchScreen.storyboard in Resources */ = {isa = PBXBuildFile; fileRef = 6998A0C51E02499900271CD5 /* LaunchScreen.storyboard */; };
		6998A0D21E02499900271CD5 /* TestTableManagerTests.m in Sources */ = {isa = PBXBuildFile; fileRef = 6998A0D11E02499900271CD5 /* TestTableManagerTests.m */; };
		6998A0DD1E02499900271CD5 /* TestTableManagerUITests.m in Sources */ = {isa = PBXBuildFile; fileRef = 6998A0DC1E02499900271CD5 /* TestTableManagerUITests.m */; };
		6998A0ED1E024A2200271CD5 /* JDragonTableManager.m in Sources */ = {isa = PBXBuildFile; fileRef = 6998A0EC1E024A2200271CD5 /* JDragonTableManager.m */; };
		6998A0F01E025BD500271CD5 /* UITableView+JDragonTableManager.m in Sources */ = {isa = PBXBuildFile; fileRef = 6998A0EF1E025BD500271CD5 /* UITableView+JDragonTableManager.m */; };
/* End PBXBuildFile section */

/* Begin PBXContainerItemProxy section */
		6998A0CE1E02499900271CD5 /* PBXContainerItemProxy */ = {
			isa = PBXContainerItemProxy;
			containerPortal = 6998A0A91E02499900271CD5 /* Project object */;
			proxyType = 1;
			remoteGlobalIDString = 6998A0B01E02499900271CD5;
			remoteInfo = TestTableManager;
		};
		6998A0D91E02499900271CD5 /* PBXContainerItemProxy */ = {
			isa = PBXContainerItemProxy;
			containerPortal = 6998A0A91E02499900271CD5 /* Project object */;
			proxyType = 1;
			remoteGlobalIDString = 6998A0B01E02499900271CD5;
			remoteInfo = TestTableManager;
		};
/* End PBXContainerItemProxy section */

/* Begin PBXFileReference section */
		6998A0B11E02499900271CD5 /* TestTableManager.app */ = {isa = PBXFileReference; explicitFileType = wrapper.application; includeInIndex = 0; path = TestTableManager.app; sourceTree = BUILT_PRODUCTS_DIR; };
		6998A0B51E02499900271CD5 /* main.m */ = {isa = PBXFileReference; lastKnownFileType = sourcecode.c.objc; path = main.m; sourceTree = "<group>"; };
		6998A0B71E02499900271CD5 /* AppDelegate.h */ = {isa = PBXFileReference; lastKnownFileType = sourcecode.c.h; path = AppDelegate.h; sourceTree = "<group>"; };
		6998A0B81E02499900271CD5 /* AppDelegate.m */ = {isa = PBXFileReference; lastKnownFileType = sourcecode.c.objc; path = AppDelegate.m; sourceTree = "<group>"; };
		6998A0BA1E02499900271CD5 /* FirstViewController.h */ = {isa = PBXFileReference; lastKnownFileType = sourcecode.c.h; path = FirstViewController.h; sourceTree = "<group>"; };
		6998A0BB1E02499900271CD5 /* FirstViewController.m */ = {isa = PBXFileReference; lastKnownFileType = sourcecode.c.objc; path = FirstViewController.m; sourceTree = "<group>"; };
		6998A0BD1E02499900271CD5 /* SecondViewController.h */ = {isa = PBXFileReference; lastKnownFileType = sourcecode.c.h; path = SecondViewController.h; sourceTree = "<group>"; };
		6998A0BE1E02499900271CD5 /* SecondViewController.m */ = {isa = PBXFileReference; lastKnownFileType = sourcecode.c.objc; path = SecondViewController.m; sourceTree = "<group>"; };
		6998A0C11E02499900271CD5 /* Base */ = {isa = PBXFileReference; lastKnownFileType = file.storyboard; name = Base; path = Base.lproj/Main.storyboard; sourceTree = "<group>"; };
		6998A0C31E02499900271CD5 /* Assets.xcassets */ = {isa = PBXFileReference; lastKnownFileType = folder.assetcatalog; path = Assets.xcassets; sourceTree = "<group>"; };
		6998A0C61E02499900271CD5 /* Base */ = {isa = PBXFileReference; lastKnownFileType = file.storyboard; name = Base; path = Base.lproj/LaunchScreen.storyboard; sourceTree = "<group>"; };
		6998A0C81E02499900271CD5 /* Info.plist */ = {isa = PBXFileReference; lastKnownFileType = text.plist.xml; path = Info.plist; sourceTree = "<group>"; };
		6998A0CD1E02499900271CD5 /* TestTableManagerTests.xctest */ = {isa = PBXFileReference; explicitFileType = wrapper.cfbundle; includeInIndex = 0; path = TestTableManagerTests.xctest; sourceTree = BUILT_PRODUCTS_DIR; };
		6998A0D11E02499900271CD5 /* TestTableManagerTests.m */ = {isa = PBXFileReference; lastKnownFileType = sourcecode.c.objc; path = TestTableManagerTests.m; sourceTree = "<group>"; };
		6998A0D31E02499900271CD5 /* Info.plist */ = {isa = PBXFileReference; lastKnownFileType = text.plist.xml; path = Info.plist; sourceTree = "<group>"; };
		6998A0D81E02499900271CD5 /* TestTableManagerUITests.xctest */ = {isa = PBXFileReference; explicitFileType = wrapper.cfbundle; includeInIndex = 0; path = TestTableManagerUITests.xctest; sourceTree = BUILT_PRODUCTS_DIR; };
		6998A0DC1E02499900271CD5 /* TestTableManagerUITests.m */ = {isa = PBXFileReference; lastKnownFileType = sourcecode.c.objc; path = TestTableManagerUITests.m; sourceTree = "<group>"; };
		6998A0DE1E02499900271CD5 /* Info.plist */ = {isa = PBXFileReference; lastKnownFileType = text.plist.xml; path = Info.plist; sourceTree = "<group>"; };
		6998A0EB1E024A2200271CD5 /* JDragonTableManager.h */ = {isa = PBXFileReference; fileEncoding = 4; lastKnownFileType = sourcecode.c.h; path = JDragonTableManager.h; sourceTree = "<group>"; };
		6998A0EC1E024A2200271CD5 /* JDragonTableManager.m */ = {isa = PBXFileReference; fileEncoding = 4; lastKnownFileType = sourcecode.c.objc; path = JDragonTableManager.m; sourceTree = "<group>"; };
		6998A0EE1E025BD400271CD5 /* UITableView+JDragonTableManager.h */ = {isa = PBXFileReference; fileEncoding = 4; lastKnownFileType = sourcecode.c.h; path = "UITableView+JDragonTableManager.h"; sourceTree = "<group>"; };
		6998A0EF1E025BD500271CD5 /* UITableView+JDragonTableManager.m */ = {isa = PBXFileReference; fileEncoding = 4; lastKnownFileType = sourcecode.c.objc; path = "UITableView+JDragonTableManager.m"; sourceTree = "<group>"; };
/* End PBXFileReference section */

/* Begin PBXFrameworksBuildPhase section */
		6998A0AE1E02499900271CD5 /* Frameworks */ = {
			isa = PBXFrameworksBuildPhase;
			buildActionMask = 2147483647;
			files = (
			);
			runOnlyForDeploymentPostprocessing = 0;
		};
		6998A0CA1E02499900271CD5 /* Frameworks */ = {
			isa = PBXFrameworksBuildPhase;
			buildActionMask = 2147483647;
			files = (
			);
			runOnlyForDeploymentPostprocessing = 0;
		};
		6998A0D51E02499900271CD5 /* Frameworks */ = {
			isa = PBXFrameworksBuildPhase;
			buildActionMask = 2147483647;
			files = (
			);
			runOnlyForDeploymentPostprocessing = 0;
		};
/* End PBXFrameworksBuildPhase section */

/* Begin PBXGroup section */
		6998A0A81E02499900271CD5 = {
			isa = PBXGroup;
			children = (
				6998A0B31E02499900271CD5 /* TestTableManager */,
				6998A0D01E02499900271CD5 /* TestTableManagerTests */,
				6998A0DB1E02499900271CD5 /* TestTableManagerUITests */,
				6998A0B21E02499900271CD5 /* Products */,
			);
			sourceTree = "<group>";
		};
		6998A0B21E02499900271CD5 /* Products */ = {
			isa = PBXGroup;
			children = (
				6998A0B11E02499900271CD5 /* TestTableManager.app */,
				6998A0CD1E02499900271CD5 /* TestTableManagerTests.xctest */,
				6998A0D81E02499900271CD5 /* TestTableManagerUITests.xctest */,
			);
			name = Products;
			sourceTree = "<group>";
		};
		6998A0B31E02499900271CD5 /* TestTableManager */ = {
			isa = PBXGroup;
			children = (
				6998A0EA1E0249B700271CD5 /* JDragonTableManager */,
				6998A0B71E02499900271CD5 /* AppDelegate.h */,
				6998A0B81E02499900271CD5 /* AppDelegate.m */,
				6998A0BA1E02499900271CD5 /* FirstViewController.h */,
				6998A0BB1E02499900271CD5 /* FirstViewController.m */,
				6998A0BD1E02499900271CD5 /* SecondViewController.h */,
				6998A0BE1E02499900271CD5 /* SecondViewController.m */,
				6998A0C01E02499900271CD5 /* Main.storyboard */,
				6998A0C31E02499900271CD5 /* Assets.xcassets */,
				6998A0C51E02499900271CD5 /* LaunchScreen.storyboard */,
				6998A0C81E02499900271CD5 /* Info.plist */,
				6998A0B41E02499900271CD5 /* Supporting Files */,
			);
			path = TestTableManager;
			sourceTree = "<group>";
		};
		6998A0B41E02499900271CD5 /* Supporting Files */ = {
			isa = PBXGroup;
			children = (
				6998A0B51E02499900271CD5 /* main.m */,
			);
			name = "Supporting Files";
			sourceTree = "<group>";
		};
		6998A0D01E02499900271CD5 /* TestTableManagerTests */ = {
			isa = PBXGroup;
			children = (
				6998A0D11E02499900271CD5 /* TestTableManagerTests.m */,
				6998A0D31E02499900271CD5 /* Info.plist */,
			);
			path = TestTableManagerTests;
			sourceTree = "<group>";
		};
		6998A0DB1E02499900271CD5 /* TestTableManagerUITests */ = {
			isa = PBXGroup;
			children = (
				6998A0DC1E02499900271CD5 /* TestTableManagerUITests.m */,
				6998A0DE1E02499900271CD5 /* Info.plist */,
			);
			path = TestTableManagerUITests;
			sourceTree = "<group>";
		};
		6998A0EA1E0249B700271CD5 /* JDragonTableManager */ = {
			isa = PBXGroup;
			children = (
				6998A0EB1E024A2200271CD5 /* JDragonTableManager.h */,
				6998A0EC1E024A2200271CD5 /* JDragonTableManager.m */,
				6998A0EE1E025BD400271CD5 /* UITableView+JDragonTableManager.h */,
				6998A0EF1E025BD500271CD5 /* UITableView+JDragonTableManager.m */,
			);
			path = JDragonTableManager;
			sourceTree = "<group>";
		};
/* End PBXGroup section */

/* Begin PBXNativeTarget section */
		6998A0B01E02499900271CD5 /* TestTableManager */ = {
			isa = PBXNativeTarget;
			buildConfigurationList = 6998A0E11E02499900271CD5 /* Build configuration list for PBXNativeTarget "TestTableManager" */;
			buildPhases = (
				6998A0AD1E02499900271CD5 /* Sources */,
				6998A0AE1E02499900271CD5 /* Frameworks */,
				6998A0AF1E02499900271CD5 /* Resources */,
			);
			buildRules = (
			);
			dependencies = (
			);
			name = TestTableManager;
			productName = TestTableManager;
			productReference = 6998A0B11E02499900271CD5 /* TestTableManager.app */;
			productType = "com.apple.product-type.application";
		};
		6998A0CC1E02499900271CD5 /* TestTableManagerTests */ = {
			isa = PBXNativeTarget;
			buildConfigurationList = 6998A0E41E02499900271CD5 /* Build configuration list for PBXNativeTarget "TestTableManagerTests" */;
			buildPhases = (
				6998A0C91E02499900271CD5 /* Sources */,
				6998A0CA1E02499900271CD5 /* Frameworks */,
				6998A0CB1E02499900271CD5 /* Resources */,
			);
			buildRules = (
			);
			dependencies = (
				6998A0CF1E02499900271CD5 /* PBXTargetDependency */,
			);
			name = TestTableManagerTests;
			productName = TestTableManagerTests;
			productReference = 6998A0CD1E02499900271CD5 /* TestTableManagerTests.xctest */;
			productType = "com.apple.product-type.bundle.unit-test";
		};
		6998A0D71E02499900271CD5 /* TestTableManagerUITests */ = {
			isa = PBXNativeTarget;
			buildConfigurationList = 6998A0E71E02499900271CD5 /* Build configuration list for PBXNativeTarget "TestTableManagerUITests" */;
			buildPhases = (
				6998A0D41E02499900271CD5 /* Sources */,
				6998A0D51E02499900271CD5 /* Frameworks */,
				6998A0D61E02499900271CD5 /* Resources */,
			);
			buildRules = (
			);
			dependencies = (
				6998A0DA1E02499900271CD5 /* PBXTargetDependency */,
			);
			name = TestTableManagerUITests;
			productName = TestTableManagerUITests;
			productReference = 6998A0D81E02499900271CD5 /* TestTableManagerUITests.xctest */;
			productType = "com.apple.product-type.bundle.ui-testing";
		};
/* End PBXNativeTarget section */

/* Begin PBXProject section */
		6998A0A91E02499900271CD5 /* Project object */ = {
			isa = PBXProject;
			attributes = {
				LastUpgradeCheck = 0820;
				ORGANIZATIONNAME = JDragon;
				TargetAttributes = {
					6998A0B01E02499900271CD5 = {
						CreatedOnToolsVersion = 8.2;
						DevelopmentTeam = NBCMCCDR2L;
						ProvisioningStyle = Automatic;
					};
					6998A0CC1E02499900271CD5 = {
						CreatedOnToolsVersion = 8.2;
						DevelopmentTeam = NBCMCCDR2L;
						ProvisioningStyle = Automatic;
						TestTargetID = 6998A0B01E02499900271CD5;
					};
					6998A0D71E02499900271CD5 = {
						CreatedOnToolsVersion = 8.2;
						DevelopmentTeam = NBCMCCDR2L;
						ProvisioningStyle = Automatic;
						TestTargetID = 6998A0B01E02499900271CD5;
					};
				};
			};
			buildConfigurationList = 6998A0AC1E02499900271CD5 /* Build configuration list for PBXProject "TestTableManager" */;
			compatibilityVersion = "Xcode 3.2";
			developmentRegion = English;
			hasScannedForEncodings = 0;
			knownRegions = (
				en,
				Base,
			);
			mainGroup = 6998A0A81E02499900271CD5;
			productRefGroup = 6998A0B21E02499900271CD5 /* Products */;
			projectDirPath = "";
			projectRoot = "";
			targets = (
				6998A0B01E02499900271CD5 /* TestTableManager */,
				6998A0CC1E02499900271CD5 /* TestTableManagerTests */,
				6998A0D71E02499900271CD5 /* TestTableManagerUITests */,
			);
		};
/* End PBXProject section */

/* Begin PBXResourcesBuildPhase section */
		6998A0AF1E02499900271CD5 /* Resources */ = {
			isa = PBXResourcesBuildPhase;
			buildActionMask = 2147483647;
			files = (
				6998A0C71E02499900271CD5 /* LaunchScreen.storyboard in Resources */,
				6998A0C41E02499900271CD5 /* Assets.xcassets in Resources */,
				6998A0C21E02499900271CD5 /* Main.storyboard in Resources */,
			);
			runOnlyForDeploymentPostprocessing = 0;
		};
		6998A0CB1E02499900271CD5 /* Resources */ = {
			isa = PBXResourcesBuildPhase;
			buildActionMask = 2147483647;
			files = (
			);
			runOnlyForDeploymentPostprocessing = 0;
		};
		6998A0D61E02499900271CD5 /* Resources */ = {
			isa = PBXResourcesBuildPhase;
			buildActionMask = 2147483647;
			files = (
			);
			runOnlyForDeploymentPostprocessing = 0;
		};
/* End PBXResourcesBuildPhase section */

/* Begin PBXSourcesBuildPhase section */
		6998A0AD1E02499900271CD5 /* Sources */ = {
			isa = PBXSourcesBuildPhase;
			buildActionMask = 2147483647;
			files = (
				6998A0F01E025BD500271CD5 /* UITableView+JDragonTableManager.m in Sources */,
				6998A0BF1E02499900271CD5 /* SecondViewController.m in Sources */,
				6998A0B91E02499900271CD5 /* AppDelegate.m in Sources */,
				6998A0BC1E02499900271CD5 /* FirstViewController.m in Sources */,
				6998A0ED1E024A2200271CD5 /* JDragonTableManager.m in Sources */,
				6998A0B61E02499900271CD5 /* main.m in Sources */,
			);
			runOnlyForDeploymentPostprocessing = 0;
		};
		6998A0C91E02499900271CD5 /* Sources */ = {
			isa = PBXSourcesBuildPhase;
			buildActionMask = 2147483647;
			files = (
				6998A0D21E02499900271CD5 /* TestTableManagerTests.m in Sources */,
			);
			runOnlyForDeploymentPostprocessing = 0;
		};
		6998A0D41E02499900271CD5 /* Sources */ = {
			isa = PBXSourcesBuildPhase;
			buildActionMask = 2147483647;
			files = (
				6998A0DD1E02499900271CD5 /* TestTableManagerUITests.m in Sources */,
			);
			runOnlyForDeploymentPostprocessing = 0;
		};
/* End PBXSourcesBuildPhase section */

/* Begin PBXTargetDependency section */
		6998A0CF1E02499900271CD5 /* PBXTargetDependency */ = {
			isa = PBXTargetDependency;
			target = 6998A0B01E02499900271CD5 /* TestTableManager */;
			targetProxy = 6998A0CE1E02499900271CD5 /* PBXContainerItemProxy */;
		};
		6998A0DA1E02499900271CD5 /* PBXTargetDependency */ = {
			isa = PBXTargetDependency;
			target = 6998A0B01E02499900271CD5 /* TestTableManager */;
			targetProxy = 6998A0D91E02499900271CD5 /* PBXContainerItemProxy */;
		};
/* End PBXTargetDependency section */

/* Begin PBXVariantGroup section */
		6998A0C01E02499900271CD5 /* Main.storyboard */ = {
			isa = PBXVariantGroup;
			children = (
				6998A0C11E02499900271CD5 /* Base */,
			);
			name = Main.storyboard;
			sourceTree = "<group>";
		};
		6998A0C51E02499900271CD5 /* LaunchScreen.storyboard */ = {
			isa = PBXVariantGroup;
			children = (
				6998A0C61E02499900271CD5 /* Base */,
			);
			name = LaunchScreen.storyboard;
			sourceTree = "<group>";
		};
/* End PBXVariantGroup section */

/* Begin XCBuildConfiguration section */
		6998A0DF1E02499900271CD5 /* Debug */ = {
			isa = XCBuildConfiguration;
			buildSettings = {
				ALWAYS_SEARCH_USER_PATHS = NO;
				CLANG_ANALYZER_NONNULL = YES;
				CLANG_CXX_LANGUAGE_STANDARD = "gnu++0x";
				CLANG_CXX_LIBRARY = "libc++";
				CLANG_ENABLE_MODULES = YES;
				CLANG_ENABLE_OBJC_ARC = YES;
				CLANG_WARN_BOOL_CONVERSION = YES;
				CLANG_WARN_CONSTANT_CONVERSION = YES;
				CLANG_WARN_DIRECT_OBJC_ISA_USAGE = YES_ERROR;
				CLANG_WARN_DOCUMENTATION_COMMENTS = YES;
				CLANG_WARN_EMPTY_BODY = YES;
				CLANG_WARN_ENUM_CONVERSION = YES;
				CLANG_WARN_INFINITE_RECURSION = YES;
				CLANG_WARN_INT_CONVERSION = YES;
				CLANG_WARN_OBJC_ROOT_CLASS = YES_ERROR;
				CLANG_WARN_SUSPICIOUS_MOVE = YES;
				CLANG_WARN_UNREACHABLE_CODE = YES;
				CLANG_WARN__DUPLICATE_METHOD_MATCH = YES;
				"CODE_SIGN_IDENTITY[sdk=iphoneos*]" = "iPhone Developer";
				COPY_PHASE_STRIP = NO;
				DEBUG_INFORMATION_FORMAT = dwarf;
				ENABLE_STRICT_OBJC_MSGSEND = YES;
				ENABLE_TESTABILITY = YES;
				GCC_C_LANGUAGE_STANDARD = gnu99;
				GCC_DYNAMIC_NO_PIC = NO;
				GCC_NO_COMMON_BLOCKS = YES;
				GCC_OPTIMIZATION_LEVEL = 0;
				GCC_PREPROCESSOR_DEFINITIONS = (
					"DEBUG=1",
					"$(inherited)",
				);
				GCC_WARN_64_TO_32_BIT_CONVERSION = YES;
				GCC_WARN_ABOUT_RETURN_TYPE = YES_ERROR;
				GCC_WARN_UNDECLARED_SELECTOR = YES;
				GCC_WARN_UNINITIALIZED_AUTOS = YES_AGGRESSIVE;
				GCC_WARN_UNUSED_FUNCTION = YES;
				GCC_WARN_UNUSED_VARIABLE = YES;
				IPHONEOS_DEPLOYMENT_TARGET = 10.2;
				MTL_ENABLE_DEBUG_INFO = YES;
				ONLY_ACTIVE_ARCH = YES;
				SDKROOT = iphoneos;
				TARGETED_DEVICE_FAMILY = "1,2";
			};
			name = Debug;
		};
		6998A0E01E02499900271CD5 /* Release */ = {
			isa = XCBuildConfiguration;
			buildSettings = {
				ALWAYS_SEARCH_USER_PATHS = NO;
				CLANG_ANALYZER_NONNULL = YES;
				CLANG_CXX_LANGUAGE_STANDARD = "gnu++0x";
				CLANG_CXX_LIBRARY = "libc++";
				CLANG_ENABLE_MODULES = YES;
				CLANG_ENABLE_OBJC_ARC = YES;
				CLANG_WARN_BOOL_CONVERSION = YES;
				CLANG_WARN_CONSTANT_CONVERSION = YES;
				CLANG_WARN_DIRECT_OBJC_ISA_USAGE = YES_ERROR;
				CLANG_WARN_DOCUMENTATION_COMMENTS = YES;
				CLANG_WARN_EMPTY_BODY = YES;
				CLANG_WARN_ENUM_CONVERSION = YES;
				CLANG_WARN_INFINITE_RECURSION = YES;
				CLANG_WARN_INT_CONVERSION = YES;
				CLANG_WARN_OBJC_ROOT_CLASS = YES_ERROR;
				CLANG_WARN_SUSPICIOUS_MOVE = YES;
				CLANG_WARN_UNREACHABLE_CODE = YES;
				CLANG_WARN__DUPLICATE_METHOD_MATCH = YES;
				"CODE_SIGN_IDENTITY[sdk=iphoneos*]" = "iPhone Developer";
				COPY_PHASE_STRIP = NO;
				DEBUG_INFORMATION_FORMAT = "dwarf-with-dsym";
				ENABLE_NS_ASSERTIONS = NO;
				ENABLE_STRICT_OBJC_MSGSEND = YES;
				GCC_C_LANGUAGE_STANDARD = gnu99;
				GCC_NO_COMMON_BLOCKS = YES;
				GCC_WARN_64_TO_32_BIT_CONVERSION = YES;
				GCC_WARN_ABOUT_RETURN_TYPE = YES_ERROR;
				GCC_WARN_UNDECLARED_SELECTOR = YES;
				GCC_WARN_UNINITIALIZED_AUTOS = YES_AGGRESSIVE;
				GCC_WARN_UNUSED_FUNCTION = YES;
				GCC_WARN_UNUSED_VARIABLE = YES;
				IPHONEOS_DEPLOYMENT_TARGET = 10.2;
				MTL_ENABLE_DEBUG_INFO = NO;
				SDKROOT = iphoneos;
				TARGETED_DEVICE_FAMILY = "1,2";
				VALIDATE_PRODUCT = YES;
			};
			name = Release;
		};
		6998A0E21E02499900271CD5 /* Debug */ = {
			isa = XCBuildConfiguration;
			buildSettings = {
				ASSETCATALOG_COMPILER_APPICON_NAME = AppIcon;
				DEVELOPMENT_TEAM = NBCMCCDR2L;
				INFOPLIST_FILE = TestTableManager/Info.plist;
				LD_RUNPATH_SEARCH_PATHS = "$(inherited) @executable_path/Frameworks";
				PRODUCT_BUNDLE_IDENTIFIER = com.ruthout.TestTableManager;
				PRODUCT_NAME = "$(TARGET_NAME)";
			};
			name = Debug;
		};
		6998A0E31E02499900271CD5 /* Release */ = {
			isa = XCBuildConfiguration;
			buildSettings = {
				ASSETCATALOG_COMPILER_APPICON_NAME = AppIcon;
				DEVELOPMENT_TEAM = NBCMCCDR2L;
				INFOPLIST_FILE = TestTableManager/Info.plist;
				LD_RUNPATH_SEARCH_PATHS = "$(inherited) @executable_path/Frameworks";
				PRODUCT_BUNDLE_IDENTIFIER = com.ruthout.TestTableManager;
				PRODUCT_NAME = "$(TARGET_NAME)";
			};
			name = Release;
		};
		6998A0E51E02499900271CD5 /* Debug */ = {
			isa = XCBuildConfiguration;
			buildSettings = {
				BUNDLE_LOADER = "$(TEST_HOST)";
				DEVELOPMENT_TEAM = NBCMCCDR2L;
				INFOPLIST_FILE = TestTableManagerTests/Info.plist;
				LD_RUNPATH_SEARCH_PATHS = "$(inherited) @executable_path/Frameworks @loader_path/Frameworks";
				PRODUCT_BUNDLE_IDENTIFIER = com.ruthout.TestTableManagerTests;
				PRODUCT_NAME = "$(TARGET_NAME)";
				TEST_HOST = "$(BUILT_PRODUCTS_DIR)/TestTableManager.app/TestTableManager";
			};
			name = Debug;
		};
		6998A0E61E02499900271CD5 /* Release */ = {
			isa = XCBuildConfiguration;
			buildSettings = {
				BUNDLE_LOADER = "$(TEST_HOST)";
				DEVELOPMENT_TEAM = NBCMCCDR2L;
				INFOPLIST_FILE = TestTableManagerTests/Info.plist;
				LD_RUNPATH_SEARCH_PATHS = "$(inherited) @executable_path/Frameworks @loader_path/Frameworks";
				PRODUCT_BUNDLE_IDENTIFIER = com.ruthout.TestTableManagerTests;
				PRODUCT_NAME = "$(TARGET_NAME)";
				TEST_HOST = "$(BUILT_PRODUCTS_DIR)/TestTableManager.app/TestTableManager";
			};
			name = Release;
		};
		6998A0E81E02499900271CD5 /* Debug */ = {
			isa = XCBuildConfiguration;
			buildSettings = {
				DEVELOPMENT_TEAM = NBCMCCDR2L;
				INFOPLIST_FILE = TestTableManagerUITests/Info.plist;
				LD_RUNPATH_SEARCH_PATHS = "$(inherited) @executable_path/Frameworks @loader_path/Frameworks";
				PRODUCT_BUNDLE_IDENTIFIER = com.ruthout.TestTableManagerUITests;
				PRODUCT_NAME = "$(TARGET_NAME)";
				TEST_TARGET_NAME = TestTableManager;
			};
			name = Debug;
		};
		6998A0E91E02499900271CD5 /* Release */ = {
			isa = XCBuildConfiguration;
			buildSettings = {
				DEVELOPMENT_TEAM = NBCMCCDR2L;
				INFOPLIST_FILE = TestTableManagerUITests/Info.plist;
				LD_RUNPATH_SEARCH_PATHS = "$(inherited) @executable_path/Frameworks @loader_path/Frameworks";
				PRODUCT_BUNDLE_IDENTIFIER = com.ruthout.TestTableManagerUITests;
				PRODUCT_NAME = "$(TARGET_NAME)";
				TEST_TARGET_NAME = TestTableManager;
			};
			name = Release;
		};
/* End XCBuildConfiguration section */

/* Begin XCConfigurationList section */
		6998A0AC1E02499900271CD5 /* Build configuration list for PBXProject "TestTableManager" */ = {
			isa = XCConfigurationList;
			buildConfigurations = (
				6998A0DF1E02499900271CD5 /* Debug */,
				6998A0E01E02499900271CD5 /* Release */,
			);
			defaultConfigurationIsVisible = 0;
			defaultConfigurationName = Release;
		};
		6998A0E11E02499900271CD5 /* Build configuration list for PBXNativeTarget "TestTableManager" */ = {
			isa = XCConfigurationList;
			buildConfigurations = (
				6998A0E21E02499900271CD5 /* Debug */,
				6998A0E31E02499900271CD5 /* Release */,
			);
			defaultConfigurationIsVisible = 0;
		};
		6998A0E41E02499900271CD5 /* Build configuration list for PBXNativeTarget "TestTableManagerTests" */ = {
			isa = XCConfigurationList;
			buildConfigurations = (
				6998A0E51E02499900271CD5 /* Debug */,
				6998A0E61E02499900271CD5 /* Release */,
			);
			defaultConfigurationIsVisible = 0;
		};
		6998A0E71E02499900271CD5 /* Build configuration list for PBXNativeTarget "TestTableManagerUITests" */ = {
			isa = XCConfigurationList;
			buildConfigurations = (
				6998A0E81E02499900271CD5 /* Debug */,
				6998A0E91E02499900271CD5 /* Release */,
			);
			defaultConfigurationIsVisible = 0;
		};
/* End XCConfigurationList section */
	};
	rootObject = 6998A0A91E02499900271CD5 /* Project object */;
}
